
Microsoft Visual Studio Solution File, Format Version 12.00
# Visual Studio Version 16
VisualStudioVersion = 16.0.32228.343
MinimumVisualStudioVersion = 10.0.40219.1
Project("{FAE04EC0-301F-11D3-BF4B-00C04F79EFBC}") = "CreationModelPlugin", "CreationModelPlugin\CreationModelPlugin.csproj", "{71A4DFFD-1C94-4BFD-86FC-321A8977DD73}"
EndProject
Global
	GlobalSection(SolutionConfigurationPlatforms) = preSolution
		Debug|Any CPU = Debug|Any CPU
		Release|Any CPU = Release|Any CPU
	EndGlobalSection
	GlobalSection(ProjectConfigurationPlatforms) = postSolution
		{71A4DFFD-1C94-4BFD-86FC-321A8977DD73}.Debug|Any CPU.ActiveCfg = Debug|Any CPU
		{71A4DFFD-1C94-4BFD-86FC-321A8977DD73}.Debug|Any CPU.Build.0 = Debug|Any CPU
		{71A4DFFD-1C94-4BFD-86FC-321A8977DD73}.Release|Any CPU.ActiveCfg = Release|Any CPU
		{71A4DFFD-1C94-4BFD-86FC-321A8977DD73}.Release|Any CPU.Build.0 = Release|Any CPU
	EndGlobalSection
	GlobalSection(SolutionProperties) = preSolution
		HideSolutionNode = FALSE
	EndGlobalSection
	GlobalSection(ExtensibilityGlobals) = postSolution
		SolutionGuid = {41B5052B-B464-41AB-B079-339A986E1E19}
	EndGlobalSection
EndGlobal
